
Microsoft Visual Studio Solution File, Format Version 10.00
# Visual C++ Express 2008
Project("{8BC9CEB8-8B4A-11D0-8D11-00A0C91BC942}") = "dallshell-pc", "dallshell-pc.vcproj", "{159909F7-3958-4D61-A6B6-889220C70895}"
EndProject
Global
	GlobalSection(SolutionConfigurationPlatforms) = preSolution
		Debug|Win32 = Debug|Win32
		Release|Win32 = Release|Win32
	EndGlobalSection
	GlobalSection(ProjectConfigurationPlatforms) = postSolution
		{159909F7-3958-4D61-A6B6-889220C70895}.Debug|Win32.ActiveCfg = Debug|Win32
		{159909F7-3958-4D61-A6B6-889220C70895}.Debug|Win32.Build.0 = Debug|Win32
		{159909F7-3958-4D61-A6B6-889220C70895}.Release|Win32.ActiveCfg = Release|Win32
		{159909F7-3958-4D61-A6B6-889220C70895}.Release|Win32.Build.0 = Release|Win32
	EndGlobalSection
	GlobalSection(SolutionProperties) = preSolution
		HideSolutionNode = FALSE
	EndGlobalSection
EndGlobal
